// !$*UTF8*$!
{
	archiveVersion = 1;
	classes = {
	};
	objectVersion = 56;
	objects = {

/* Begin PBXBuildFile section */
		E1517B582C7648F800C94B00 /* ApodModel.swift in Sources */ = {isa = PBXBuildFile; fileRef = E1517B572C7648F800C94B00 /* ApodModel.swift */; };
		E1B9EF402C7619AF00122810 /* NASAPicOfTheDayWalmApp.swift in Sources */ = {isa = PBXBuildFile; fileRef = E1B9EF3F2C7619AF00122810 /* NASAPicOfTheDayWalmApp.swift */; };
		E1B9EF422C7619AF00122810 /* ContentView.swift in Sources */ = {isa = PBXBuildFile; fileRef = E1B9EF412C7619AF00122810 /* ContentView.swift */; };
		E1B9EF442C7619B000122810 /* Assets.xcassets in Resources */ = {isa = PBXBuildFile; fileRef = E1B9EF432C7619B000122810 /* Assets.xcassets */; };
		E1B9EF472C7619B000122810 /* Preview Assets.xcassets in Resources */ = {isa = PBXBuildFile; fileRef = E1B9EF462C7619B000122810 /* Preview Assets.xcassets */; };
		E1B9EF492C7619B000122810 /* Persistence.swift in Sources */ = {isa = PBXBuildFile; fileRef = E1B9EF482C7619B000122810 /* Persistence.swift */; };
		E1B9EF4C2C7619B000122810 /* NASAPicOfTheDayWalm.xcdatamodeld in Sources */ = {isa = PBXBuildFile; fileRef = E1B9EF4A2C7619B000122810 /* NASAPicOfTheDayWalm.xcdatamodeld */; };
		E1B9EF562C7619B100122810 /* NASAPicOfTheDayWalmTests.swift in Sources */ = {isa = PBXBuildFile; fileRef = E1B9EF552C7619B100122810 /* NASAPicOfTheDayWalmTests.swift */; };
		E1B9EF602C7619B100122810 /* NASAPicOfTheDayWalmUITests.swift in Sources */ = {isa = PBXBuildFile; fileRef = E1B9EF5F2C7619B100122810 /* NASAPicOfTheDayWalmUITests.swift */; };
		E1B9EF622C7619B100122810 /* NASAPicOfTheDayWalmUITestsLaunchTests.swift in Sources */ = {isa = PBXBuildFile; fileRef = E1B9EF612C7619B100122810 /* NASAPicOfTheDayWalmUITestsLaunchTests.swift */; };
		E1B9EF752C76301A00122810 /* NetworkManager.swift in Sources */ = {isa = PBXBuildFile; fileRef = E1B9EF742C76301A00122810 /* NetworkManager.swift */; };
		E1B9EF772C76309900122810 /* ApodViewModel.swift in Sources */ = {isa = PBXBuildFile; fileRef = E1B9EF762C76309900122810 /* ApodViewModel.swift */; };
		E1B9EF792C76311700122810 /* ApodView.swift in Sources */ = {isa = PBXBuildFile; fileRef = E1B9EF782C76311700122810 /* ApodView.swift */; };
		E1B9EF7C2C7631F000122810 /* RemoteImageView.swift in Sources */ = {isa = PBXBuildFile; fileRef = E1B9EF7B2C7631F000122810 /* RemoteImageView.swift */; };
/* End PBXBuildFile section */

/* Begin PBXContainerItemProxy section */
		E1B9EF522C7619B100122810 /* PBXContainerItemProxy */ = {
			isa = PBXContainerItemProxy;
			containerPortal = E1B9EF342C7619AF00122810 /* Project object */;
			proxyType = 1;
			remoteGlobalIDString = E1B9EF3B2C7619AF00122810;
			remoteInfo = NASAPicOfTheDayWalm;
		};
		E1B9EF5C2C7619B100122810 /* PBXContainerItemProxy */ = {
			isa = PBXContainerItemProxy;
			containerPortal = E1B9EF342C7619AF00122810 /* Project object */;
			proxyType = 1;
			remoteGlobalIDString = E1B9EF3B2C7619AF00122810;
			remoteInfo = NASAPicOfTheDayWalm;
		};
/* End PBXContainerItemProxy section */

/* Begin PBXFileReference section */
		E1517B572C7648F800C94B00 /* ApodModel.swift */ = {isa = PBXFileReference; fileEncoding = 4; lastKnownFileType = sourcecode.swift; path = ApodModel.swift; sourceTree = "<group>"; };
		E1B9EF3C2C7619AF00122810 /* NASAPicOfTheDayWalm.app */ = {isa = PBXFileReference; explicitFileType = wrapper.application; includeInIndex = 0; path = NASAPicOfTheDayWalm.app; sourceTree = BUILT_PRODUCTS_DIR; };
		E1B9EF3F2C7619AF00122810 /* NASAPicOfTheDayWalmApp.swift */ = {isa = PBXFileReference; lastKnownFileType = sourcecode.swift; path = NASAPicOfTheDayWalmApp.swift; sourceTree = "<group>"; };
		E1B9EF412C7619AF00122810 /* ContentView.swift */ = {isa = PBXFileReference; lastKnownFileType = sourcecode.swift; path = ContentView.swift; sourceTree = "<group>"; };
		E1B9EF432C7619B000122810 /* Assets.xcassets */ = {isa = PBXFileReference; lastKnownFileType = folder.assetcatalog; path = Assets.xcassets; sourceTree = "<group>"; };
		E1B9EF462C7619B000122810 /* Preview Assets.xcassets */ = {isa = PBXFileReference; lastKnownFileType = folder.assetcatalog; path = "Preview Assets.xcassets"; sourceTree = "<group>"; };
		E1B9EF482C7619B000122810 /* Persistence.swift */ = {isa = PBXFileReference; lastKnownFileType = sourcecode.swift; path = Persistence.swift; sourceTree = "<group>"; };
		E1B9EF4B2C7619B000122810 /* NASAPicOfTheDayWalm.xcdatamodel */ = {isa = PBXFileReference; lastKnownFileType = wrapper.xcdatamodel; path = NASAPicOfTheDayWalm.xcdatamodel; sourceTree = "<group>"; };
		E1B9EF512C7619B100122810 /* NASAPicOfTheDayWalmTests.xctest */ = {isa = PBXFileReference; explicitFileType = wrapper.cfbundle; includeInIndex = 0; path = NASAPicOfTheDayWalmTests.xctest; sourceTree = BUILT_PRODUCTS_DIR; };
		E1B9EF552C7619B100122810 /* NASAPicOfTheDayWalmTests.swift */ = {isa = PBXFileReference; lastKnownFileType = sourcecode.swift; path = NASAPicOfTheDayWalmTests.swift; sourceTree = "<group>"; };
		E1B9EF5B2C7619B100122810 /* NASAPicOfTheDayWalmUITests.xctest */ = {isa = PBXFileReference; explicitFileType = wrapper.cfbundle; includeInIndex = 0; path = NASAPicOfTheDayWalmUITests.xctest; sourceTree = BUILT_PRODUCTS_DIR; };
		E1B9EF5F2C7619B100122810 /* NASAPicOfTheDayWalmUITests.swift */ = {isa = PBXFileReference; lastKnownFileType = sourcecode.swift; path = NASAPicOfTheDayWalmUITests.swift; sourceTree = "<group>"; };
		E1B9EF612C7619B100122810 /* NASAPicOfTheDayWalmUITestsLaunchTests.swift */ = {isa = PBXFileReference; lastKnownFileType = sourcecode.swift; path = NASAPicOfTheDayWalmUITestsLaunchTests.swift; sourceTree = "<group>"; };
		E1B9EF742C76301A00122810 /* NetworkManager.swift */ = {isa = PBXFileReference; lastKnownFileType = sourcecode.swift; path = NetworkManager.swift; sourceTree = "<group>"; };
		E1B9EF762C76309900122810 /* ApodViewModel.swift */ = {isa = PBXFileReference; lastKnownFileType = sourcecode.swift; path = ApodViewModel.swift; sourceTree = "<group>"; };
		E1B9EF782C76311700122810 /* ApodView.swift */ = {isa = PBXFileReference; lastKnownFileType = sourcecode.swift; path = ApodView.swift; sourceTree = "<group>"; };
		E1B9EF7B2C7631F000122810 /* RemoteImageView.swift */ = {isa = PBXFileReference; lastKnownFileType = sourcecode.swift; path = RemoteImageView.swift; sourceTree = "<group>"; };
/* End PBXFileReference section */

/* Begin PBXFrameworksBuildPhase section */
		E1B9EF392C7619AF00122810 /* Frameworks */ = {
			isa = PBXFrameworksBuildPhase;
			buildActionMask = 2147483647;
			files = (
			);
			runOnlyForDeploymentPostprocessing = 0;
		};
		E1B9EF4E2C7619B100122810 /* Frameworks */ = {
			isa = PBXFrameworksBuildPhase;
			buildActionMask = 2147483647;
			files = (
			);
			runOnlyForDeploymentPostprocessing = 0;
		};
		E1B9EF582C7619B100122810 /* Frameworks */ = {
			isa = PBXFrameworksBuildPhase;
			buildActionMask = 2147483647;
			files = (
			);
			runOnlyForDeploymentPostprocessing = 0;
		};
/* End PBXFrameworksBuildPhase section */

/* Begin PBXGroup section */
		E1B9EF332C7619AF00122810 = {
			isa = PBXGroup;
			children = (
				E1B9EF3E2C7619AF00122810 /* NASAPicOfTheDayWalm */,
				E1B9EF542C7619B100122810 /* NASAPicOfTheDayWalmTests */,
				E1B9EF5E2C7619B100122810 /* NASAPicOfTheDayWalmUITests */,
				E1B9EF3D2C7619AF00122810 /* Products */,
			);
			sourceTree = "<group>";
		};
		E1B9EF3D2C7619AF00122810 /* Products */ = {
			isa = PBXGroup;
			children = (
				E1B9EF3C2C7619AF00122810 /* NASAPicOfTheDayWalm.app */,
				E1B9EF512C7619B100122810 /* NASAPicOfTheDayWalmTests.xctest */,
				E1B9EF5B2C7619B100122810 /* NASAPicOfTheDayWalmUITests.xctest */,
			);
			name = Products;
			sourceTree = "<group>";
		};
		E1B9EF3E2C7619AF00122810 /* NASAPicOfTheDayWalm */ = {
			isa = PBXGroup;
			children = (
				E1B9EF7D2C7645F500122810 /* Window */,
				E1B9EF732C762FE900122810 /* Networking */,
				E1B9EF702C762F7900122810 /* Views */,
				E1B9EF6F2C762F6E00122810 /* ViewModel */,
				E1B9EF6E2C762F5500122810 /* Model */,
				E1B9EF412C7619AF00122810 /* ContentView.swift */,
				E1B9EF432C7619B000122810 /* Assets.xcassets */,
				E1B9EF482C7619B000122810 /* Persistence.swift */,
				E1B9EF4A2C7619B000122810 /* NASAPicOfTheDayWalm.xcdatamodeld */,
				E1B9EF452C7619B000122810 /* Preview Content */,
			);
			path = NASAPicOfTheDayWalm;
			sourceTree = "<group>";
		};
		E1B9EF452C7619B000122810 /* Preview Content */ = {
			isa = PBXGroup;
			children = (
				E1B9EF462C7619B000122810 /* Preview Assets.xcassets */,
			);
			path = "Preview Content";
			sourceTree = "<group>";
		};
		E1B9EF542C7619B100122810 /* NASAPicOfTheDayWalmTests */ = {
			isa = PBXGroup;
			children = (
				E1B9EF552C7619B100122810 /* NASAPicOfTheDayWalmTests.swift */,
			);
			path = NASAPicOfTheDayWalmTests;
			sourceTree = "<group>";
		};
		E1B9EF5E2C7619B100122810 /* NASAPicOfTheDayWalmUITests */ = {
			isa = PBXGroup;
			children = (
				E1B9EF5F2C7619B100122810 /* NASAPicOfTheDayWalmUITests.swift */,
				E1B9EF612C7619B100122810 /* NASAPicOfTheDayWalmUITestsLaunchTests.swift */,
			);
			path = NASAPicOfTheDayWalmUITests;
			sourceTree = "<group>";
		};
		E1B9EF6E2C762F5500122810 /* Model */ = {
			isa = PBXGroup;
			children = (
				E1517B572C7648F800C94B00 /* ApodModel.swift */,
			);
			path = Model;
			sourceTree = "<group>";
		};
		E1B9EF6F2C762F6E00122810 /* ViewModel */ = {
			isa = PBXGroup;
			children = (
				E1B9EF762C76309900122810 /* ApodViewModel.swift */,
			);
			path = ViewModel;
			sourceTree = "<group>";
		};
		E1B9EF702C762F7900122810 /* Views */ = {
			isa = PBXGroup;
			children = (
				E1B9EF7A2C7631D600122810 /* CustomViews */,
				E1B9EF782C76311700122810 /* ApodView.swift */,
			);
			path = Views;
			sourceTree = "<group>";
		};
		E1B9EF732C762FE900122810 /* Networking */ = {
			isa = PBXGroup;
			children = (
				E1B9EF742C76301A00122810 /* NetworkManager.swift */,
			);
			path = Networking;
			sourceTree = "<group>";
		};
		E1B9EF7A2C7631D600122810 /* CustomViews */ = {
			isa = PBXGroup;
			children = (
				E1B9EF7B2C7631F000122810 /* RemoteImageView.swift */,
			);
			path = CustomViews;
			sourceTree = "<group>";
		};
		E1B9EF7D2C7645F500122810 /* Window */ = {
			isa = PBXGroup;
			children = (
				E1B9EF3F2C7619AF00122810 /* NASAPicOfTheDayWalmApp.swift */,
			);
			path = Window;
			sourceTree = "<group>";
		};
/* End PBXGroup section */

/* Begin PBXNativeTarget section */
		E1B9EF3B2C7619AF00122810 /* NASAPicOfTheDayWalm */ = {
			isa = PBXNativeTarget;
			buildConfigurationList = E1B9EF652C7619B100122810 /* Build configuration list for PBXNativeTarget "NASAPicOfTheDayWalm" */;
			buildPhases = (
				E1B9EF382C7619AF00122810 /* Sources */,
				E1B9EF392C7619AF00122810 /* Frameworks */,
				E1B9EF3A2C7619AF00122810 /* Resources */,
			);
			buildRules = (
			);
			dependencies = (
			);
			name = NASAPicOfTheDayWalm;
			productName = NASAPicOfTheDayWalm;
			productReference = E1B9EF3C2C7619AF00122810 /* NASAPicOfTheDayWalm.app */;
			productType = "com.apple.product-type.application";
		};
		E1B9EF502C7619B100122810 /* NASAPicOfTheDayWalmTests */ = {
			isa = PBXNativeTarget;
			buildConfigurationList = E1B9EF682C7619B100122810 /* Build configuration list for PBXNativeTarget "NASAPicOfTheDayWalmTests" */;
			buildPhases = (
				E1B9EF4D2C7619B100122810 /* Sources */,
				E1B9EF4E2C7619B100122810 /* Frameworks */,
				E1B9EF4F2C7619B100122810 /* Resources */,
			);
			buildRules = (
			);
			dependencies = (
				E1B9EF532C7619B100122810 /* PBXTargetDependency */,
			);
			name = NASAPicOfTheDayWalmTests;
			productName = NASAPicOfTheDayWalmTests;
			productReference = E1B9EF512C7619B100122810 /* NASAPicOfTheDayWalmTests.xctest */;
			productType = "com.apple.product-type.bundle.unit-test";
		};
		E1B9EF5A2C7619B100122810 /* NASAPicOfTheDayWalmUITests */ = {
			isa = PBXNativeTarget;
			buildConfigurationList = E1B9EF6B2C7619B100122810 /* Build configuration list for PBXNativeTarget "NASAPicOfTheDayWalmUITests" */;
			buildPhases = (
				E1B9EF572C7619B100122810 /* Sources */,
				E1B9EF582C7619B100122810 /* Frameworks */,
				E1B9EF592C7619B100122810 /* Resources */,
			);
			buildRules = (
			);
			dependencies = (
				E1B9EF5D2C7619B100122810 /* PBXTargetDependency */,
			);
			name = NASAPicOfTheDayWalmUITests;
			productName = NASAPicOfTheDayWalmUITests;
			productReference = E1B9EF5B2C7619B100122810 /* NASAPicOfTheDayWalmUITests.xctest */;
			productType = "com.apple.product-type.bundle.ui-testing";
		};
/* End PBXNativeTarget section */

/* Begin PBXProject section */
		E1B9EF342C7619AF00122810 /* Project object */ = {
			isa = PBXProject;
			attributes = {
				BuildIndependentTargetsInParallel = 1;
				LastSwiftUpdateCheck = 1500;
				LastUpgradeCheck = 1500;
				TargetAttributes = {
					E1B9EF3B2C7619AF00122810 = {
						CreatedOnToolsVersion = 15.0;
					};
					E1B9EF502C7619B100122810 = {
						CreatedOnToolsVersion = 15.0;
						TestTargetID = E1B9EF3B2C7619AF00122810;
					};
					E1B9EF5A2C7619B100122810 = {
						CreatedOnToolsVersion = 15.0;
						TestTargetID = E1B9EF3B2C7619AF00122810;
					};
				};
			};
			buildConfigurationList = E1B9EF372C7619AF00122810 /* Build configuration list for PBXProject "NASAPicOfTheDayWalm" */;
			compatibilityVersion = "Xcode 14.0";
			developmentRegion = en;
			hasScannedForEncodings = 0;
			knownRegions = (
				en,
				Base,
			);
			mainGroup = E1B9EF332C7619AF00122810;
			productRefGroup = E1B9EF3D2C7619AF00122810 /* Products */;
			projectDirPath = "";
			projectRoot = "";
			targets = (
				E1B9EF3B2C7619AF00122810 /* NASAPicOfTheDayWalm */,
				E1B9EF502C7619B100122810 /* NASAPicOfTheDayWalmTests */,
				E1B9EF5A2C7619B100122810 /* NASAPicOfTheDayWalmUITests */,
			);
		};
/* End PBXProject section */

/* Begin PBXResourcesBuildPhase section */
		E1B9EF3A2C7619AF00122810 /* Resources */ = {
			isa = PBXResourcesBuildPhase;
			buildActionMask = 2147483647;
			files = (
				E1B9EF472C7619B000122810 /* Preview Assets.xcassets in Resources */,
				E1B9EF442C7619B000122810 /* Assets.xcassets in Resources */,
			);
			runOnlyForDeploymentPostprocessing = 0;
		};
		E1B9EF4F2C7619B100122810 /* Resources */ = {
			isa = PBXResourcesBuildPhase;
			buildActionMask = 2147483647;
			files = (
			);
			runOnlyForDeploymentPostprocessing = 0;
		};
		E1B9EF592C7619B100122810 /* Resources */ = {
			isa = PBXResourcesBuildPhase;
			buildActionMask = 2147483647;
			files = (
			);
			runOnlyForDeploymentPostprocessing = 0;
		};
/* End PBXResourcesBuildPhase section */

/* Begin PBXSourcesBuildPhase section */
		E1B9EF382C7619AF00122810 /* Sources */ = {
			isa = PBXSourcesBuildPhase;
			buildActionMask = 2147483647;
			files = (
				E1B9EF792C76311700122810 /* ApodView.swift in Sources */,
				E1B9EF7C2C7631F000122810 /* RemoteImageView.swift in Sources */,
				E1B9EF752C76301A00122810 /* NetworkManager.swift in Sources */,
				E1517B582C7648F800C94B00 /* ApodModel.swift in Sources */,
				E1B9EF772C76309900122810 /* ApodViewModel.swift in Sources */,
				E1B9EF4C2C7619B000122810 /* NASAPicOfTheDayWalm.xcdatamodeld in Sources */,
				E1B9EF492C7619B000122810 /* Persistence.swift in Sources */,
				E1B9EF422C7619AF00122810 /* ContentView.swift in Sources */,
				E1B9EF402C7619AF00122810 /* NASAPicOfTheDayWalmApp.swift in Sources */,
			);
			runOnlyForDeploymentPostprocessing = 0;
		};
		E1B9EF4D2C7619B100122810 /* Sources */ = {
			isa = PBXSourcesBuildPhase;
			buildActionMask = 2147483647;
			files = (
				E1B9EF562C7619B100122810 /* NASAPicOfTheDayWalmTests.swift in Sources */,
			);
			runOnlyForDeploymentPostprocessing = 0;
		};
		E1B9EF572C7619B100122810 /* Sources */ = {
			isa = PBXSourcesBuildPhase;
			buildActionMask = 2147483647;
			files = (
				E1B9EF602C7619B100122810 /* NASAPicOfTheDayWalmUITests.swift in Sources */,
				E1B9EF622C7619B100122810 /* NASAPicOfTheDayWalmUITestsLaunchTests.swift in Sources */,
			);
			runOnlyForDeploymentPostprocessing = 0;
		};
/* End PBXSourcesBuildPhase section */

/* Begin PBXTargetDependency section */
		E1B9EF532C7619B100122810 /* PBXTargetDependency */ = {
			isa = PBXTargetDependency;
			target = E1B9EF3B2C7619AF00122810 /* NASAPicOfTheDayWalm */;
			targetProxy = E1B9EF522C7619B100122810 /* PBXContainerItemProxy */;
		};
		E1B9EF5D2C7619B100122810 /* PBXTargetDependency */ = {
			isa = PBXTargetDependency;
			target = E1B9EF3B2C7619AF00122810 /* NASAPicOfTheDayWalm */;
			targetProxy = E1B9EF5C2C7619B100122810 /* PBXContainerItemProxy */;
		};
/* End PBXTargetDependency section */

/* Begin XCBuildConfiguration section */
		E1B9EF632C7619B100122810 /* Debug */ = {
			isa = XCBuildConfiguration;
			buildSettings = {
				ALWAYS_SEARCH_USER_PATHS = NO;
				ASSETCATALOG_COMPILER_GENERATE_SWIFT_ASSET_SYMBOL_EXTENSIONS = YES;
				CLANG_ANALYZER_NONNULL = YES;
				CLANG_ANALYZER_NUMBER_OBJECT_CONVERSION = YES_AGGRESSIVE;
				CLANG_CXX_LANGUAGE_STANDARD = "gnu++20";
				CLANG_ENABLE_MODULES = YES;
				CLANG_ENABLE_OBJC_ARC = YES;
				CLANG_ENABLE_OBJC_WEAK = YES;
				CLANG_WARN_BLOCK_CAPTURE_AUTORELEASING = YES;
				CLANG_WARN_BOOL_CONVERSION = YES;
				CLANG_WARN_COMMA = YES;
				CLANG_WARN_CONSTANT_CONVERSION = YES;
				CLANG_WARN_DEPRECATED_OBJC_IMPLEMENTATIONS = YES;
				CLANG_WARN_DIRECT_OBJC_ISA_USAGE = YES_ERROR;
				CLANG_WARN_DOCUMENTATION_COMMENTS = YES;
				CLANG_WARN_EMPTY_BODY = YES;
				CLANG_WARN_ENUM_CONVERSION = YES;
				CLANG_WARN_INFINITE_RECURSION = YES;
				CLANG_WARN_INT_CONVERSION = YES;
				CLANG_WARN_NON_LITERAL_NULL_CONVERSION = YES;
				CLANG_WARN_OBJC_IMPLICIT_RETAIN_SELF = YES;
				CLANG_WARN_OBJC_LITERAL_CONVERSION = YES;
				CLANG_WARN_OBJC_ROOT_CLASS = YES_ERROR;
				CLANG_WARN_QUOTED_INCLUDE_IN_FRAMEWORK_HEADER = YES;
				CLANG_WARN_RANGE_LOOP_ANALYSIS = YES;
				CLANG_WARN_STRICT_PROTOTYPES = YES;
				CLANG_WARN_SUSPICIOUS_MOVE = YES;
				CLANG_WARN_UNGUARDED_AVAILABILITY = YES_AGGRESSIVE;
				CLANG_WARN_UNREACHABLE_CODE = YES;
				CLANG_WARN__DUPLICATE_METHOD_MATCH = YES;
				COPY_PHASE_STRIP = NO;
				DEBUG_INFORMATION_FORMAT = dwarf;
				ENABLE_STRICT_OBJC_MSGSEND = YES;
				ENABLE_TESTABILITY = YES;
				ENABLE_USER_SCRIPT_SANDBOXING = YES;
				GCC_C_LANGUAGE_STANDARD = gnu17;
				GCC_DYNAMIC_NO_PIC = NO;
				GCC_NO_COMMON_BLOCKS = YES;
				GCC_OPTIMIZATION_LEVEL = 0;
				GCC_PREPROCESSOR_DEFINITIONS = (
					"DEBUG=1",
					"$(inherited)",
				);
				GCC_WARN_64_TO_32_BIT_CONVERSION = YES;
				GCC_WARN_ABOUT_RETURN_TYPE = YES_ERROR;
				GCC_WARN_UNDECLARED_SELECTOR = YES;
				GCC_WARN_UNINITIALIZED_AUTOS = YES_AGGRESSIVE;
				GCC_WARN_UNUSED_FUNCTION = YES;
				GCC_WARN_UNUSED_VARIABLE = YES;
				IPHONEOS_DEPLOYMENT_TARGET = 17.0;
				LOCALIZATION_PREFERS_STRING_CATALOGS = YES;
				MTL_ENABLE_DEBUG_INFO = INCLUDE_SOURCE;
				MTL_FAST_MATH = YES;
				ONLY_ACTIVE_ARCH = YES;
				SDKROOT = iphoneos;
				SWIFT_ACTIVE_COMPILATION_CONDITIONS = "DEBUG $(inherited)";
				SWIFT_OPTIMIZATION_LEVEL = "-Onone";
			};
			name = Debug;
		};
		E1B9EF642C7619B100122810 /* Release */ = {
			isa = XCBuildConfiguration;
			buildSettings = {
				ALWAYS_SEARCH_USER_PATHS = NO;
				ASSETCATALOG_COMPILER_GENERATE_SWIFT_ASSET_SYMBOL_EXTENSIONS = YES;
				CLANG_ANALYZER_NONNULL = YES;
				CLANG_ANALYZER_NUMBER_OBJECT_CONVERSION = YES_AGGRESSIVE;
				CLANG_CXX_LANGUAGE_STANDARD = "gnu++20";
				CLANG_ENABLE_MODULES = YES;
				CLANG_ENABLE_OBJC_ARC = YES;
				CLANG_ENABLE_OBJC_WEAK = YES;
				CLANG_WARN_BLOCK_CAPTURE_AUTORELEASING = YES;
				CLANG_WARN_BOOL_CONVERSION = YES;
				CLANG_WARN_COMMA = YES;
				CLANG_WARN_CONSTANT_CONVERSION = YES;
				CLANG_WARN_DEPRECATED_OBJC_IMPLEMENTATIONS = YES;
				CLANG_WARN_DIRECT_OBJC_ISA_USAGE = YES_ERROR;
				CLANG_WARN_DOCUMENTATION_COMMENTS = YES;
				CLANG_WARN_EMPTY_BODY = YES;
				CLANG_WARN_ENUM_CONVERSION = YES;
				CLANG_WARN_INFINITE_RECURSION = YES;
				CLANG_WARN_INT_CONVERSION = YES;
				CLANG_WARN_NON_LITERAL_NULL_CONVERSION = YES;
				CLANG_WARN_OBJC_IMPLICIT_RETAIN_SELF = YES;
				CLANG_WARN_OBJC_LITERAL_CONVERSION = YES;
				CLANG_WARN_OBJC_ROOT_CLASS = YES_ERROR;
				CLANG_WARN_QUOTED_INCLUDE_IN_FRAMEWORK_HEADER = YES;
				CLANG_WARN_RANGE_LOOP_ANALYSIS = YES;
				CLANG_WARN_STRICT_PROTOTYPES = YES;
				CLANG_WARN_SUSPICIOUS_MOVE = YES;
				CLANG_WARN_UNGUARDED_AVAILABILITY = YES_AGGRESSIVE;
				CLANG_WARN_UNREACHABLE_CODE = YES;
				CLANG_WARN__DUPLICATE_METHOD_MATCH = YES;
				COPY_PHASE_STRIP = NO;
				DEBUG_INFORMATION_FORMAT = "dwarf-with-dsym";
				ENABLE_NS_ASSERTIONS = NO;
				ENABLE_STRICT_OBJC_MSGSEND = YES;
				ENABLE_USER_SCRIPT_SANDBOXING = YES;
				GCC_C_LANGUAGE_STANDARD = gnu17;
				GCC_NO_COMMON_BLOCKS = YES;
				GCC_WARN_64_TO_32_BIT_CONVERSION = YES;
				GCC_WARN_ABOUT_RETURN_TYPE = YES_ERROR;
				GCC_WARN_UNDECLARED_SELECTOR = YES;
				GCC_WARN_UNINITIALIZED_AUTOS = YES_AGGRESSIVE;
				GCC_WARN_UNUSED_FUNCTION = YES;
				GCC_WARN_UNUSED_VARIABLE = YES;
				IPHONEOS_DEPLOYMENT_TARGET = 17.0;
				LOCALIZATION_PREFERS_STRING_CATALOGS = YES;
				MTL_ENABLE_DEBUG_INFO = NO;
				MTL_FAST_MATH = YES;
				SDKROOT = iphoneos;
				SWIFT_COMPILATION_MODE = wholemodule;
				VALIDATE_PRODUCT = YES;
			};
			name = Release;
		};
		E1B9EF662C7619B100122810 /* Debug */ = {
			isa = XCBuildConfiguration;
			buildSettings = {
				ASSETCATALOG_COMPILER_APPICON_NAME = AppIcon;
				ASSETCATALOG_COMPILER_GLOBAL_ACCENT_COLOR_NAME = AccentColor;
				CODE_SIGN_STYLE = Automatic;
				CURRENT_PROJECT_VERSION = 1;
				DEVELOPMENT_ASSET_PATHS = "\"NASAPicOfTheDayWalm/Preview Content\"";
				ENABLE_PREVIEWS = YES;
				GENERATE_INFOPLIST_FILE = YES;
				INFOPLIST_KEY_UIApplicationSceneManifest_Generation = YES;
				INFOPLIST_KEY_UIApplicationSupportsIndirectInputEvents = YES;
				INFOPLIST_KEY_UILaunchScreen_Generation = YES;
				INFOPLIST_KEY_UISupportedInterfaceOrientations_iPad = "UIInterfaceOrientationPortrait UIInterfaceOrientationPortraitUpsideDown UIInterfaceOrientationLandscapeLeft UIInterfaceOrientationLandscapeRight";
				INFOPLIST_KEY_UISupportedInterfaceOrientations_iPhone = "UIInterfaceOrientationPortrait UIInterfaceOrientationLandscapeLeft UIInterfaceOrientationLandscapeRight";
				IPHONEOS_DEPLOYMENT_TARGET = 15.0;
				LD_RUNPATH_SEARCH_PATHS = (
					"$(inherited)",
					"@executable_path/Frameworks",
				);
				MARKETING_VERSION = 1.0;
				PRODUCT_BUNDLE_IDENTIFIER = com.harish.NASAPicOfTheDayWalm;
				PRODUCT_NAME = "$(TARGET_NAME)";
				SWIFT_EMIT_LOC_STRINGS = YES;
				SWIFT_VERSION = 5.0;
				TARGETED_DEVICE_FAMILY = "1,2";
			};
			name = Debug;
		};
		E1B9EF672C7619B100122810 /* Release */ = {
			isa = XCBuildConfiguration;
			buildSettings = {
				ASSETCATALOG_COMPILER_APPICON_NAME = AppIcon;
				ASSETCATALOG_COMPILER_GLOBAL_ACCENT_COLOR_NAME = AccentColor;
				CODE_SIGN_STYLE = Automatic;
				CURRENT_PROJECT_VERSION = 1;
				DEVELOPMENT_ASSET_PATHS = "\"NASAPicOfTheDayWalm/Preview Content\"";
				ENABLE_PREVIEWS = YES;
				GENERATE_INFOPLIST_FILE = YES;
				INFOPLIST_KEY_UIApplicationSceneManifest_Generation = YES;
				INFOPLIST_KEY_UIApplicationSupportsIndirectInputEvents = YES;
				INFOPLIST_KEY_UILaunchScreen_Generation = YES;
				INFOPLIST_KEY_UISupportedInterfaceOrientations_iPad = "UIInterfaceOrientationPortrait UIInterfaceOrientationPortraitUpsideDown UIInterfaceOrientationLandscapeLeft UIInterfaceOrientationLandscapeRight";
				INFOPLIST_KEY_UISupportedInterfaceOrientations_iPhone = "UIInterfaceOrientationPortrait UIInterfaceOrientationLandscapeLeft UIInterfaceOrientationLandscapeRight";
				IPHONEOS_DEPLOYMENT_TARGET = 15.0;
				LD_RUNPATH_SEARCH_PATHS = (
					"$(inherited)",
					"@executable_path/Frameworks",
				);
				MARKETING_VERSION = 1.0;
				PRODUCT_BUNDLE_IDENTIFIER = com.harish.NASAPicOfTheDayWalm;
				PRODUCT_NAME = "$(TARGET_NAME)";
				SWIFT_EMIT_LOC_STRINGS = YES;
				SWIFT_VERSION = 5.0;
				TARGETED_DEVICE_FAMILY = "1,2";
			};
			name = Release;
		};
		E1B9EF692C7619B100122810 /* Debug */ = {
			isa = XCBuildConfiguration;
			buildSettings = {
				ALWAYS_EMBED_SWIFT_STANDARD_LIBRARIES = YES;
				BUNDLE_LOADER = "$(TEST_HOST)";
				CODE_SIGN_STYLE = Automatic;
				CURRENT_PROJECT_VERSION = 1;
				GENERATE_INFOPLIST_FILE = YES;
				IPHONEOS_DEPLOYMENT_TARGET = 17.0;
				MARKETING_VERSION = 1.0;
				PRODUCT_BUNDLE_IDENTIFIER = com.harish.NASAPicOfTheDayWalmTests;
				PRODUCT_NAME = "$(TARGET_NAME)";
				SWIFT_EMIT_LOC_STRINGS = NO;
				SWIFT_VERSION = 5.0;
				TARGETED_DEVICE_FAMILY = "1,2";
				TEST_HOST = "$(BUILT_PRODUCTS_DIR)/NASAPicOfTheDayWalm.app/$(BUNDLE_EXECUTABLE_FOLDER_PATH)/NASAPicOfTheDayWalm";
			};
			name = Debug;
		};
		E1B9EF6A2C7619B100122810 /* Release */ = {
			isa = XCBuildConfiguration;
			buildSettings = {
				ALWAYS_EMBED_SWIFT_STANDARD_LIBRARIES = YES;
				BUNDLE_LOADER = "$(TEST_HOST)";
				CODE_SIGN_STYLE = Automatic;
				CURRENT_PROJECT_VERSION = 1;
				GENERATE_INFOPLIST_FILE = YES;
				IPHONEOS_DEPLOYMENT_TARGET = 17.0;
				MARKETING_VERSION = 1.0;
				PRODUCT_BUNDLE_IDENTIFIER = com.harish.NASAPicOfTheDayWalmTests;
				PRODUCT_NAME = "$(TARGET_NAME)";
				SWIFT_EMIT_LOC_STRINGS = NO;
				SWIFT_VERSION = 5.0;
				TARGETED_DEVICE_FAMILY = "1,2";
				TEST_HOST = "$(BUILT_PRODUCTS_DIR)/NASAPicOfTheDayWalm.app/$(BUNDLE_EXECUTABLE_FOLDER_PATH)/NASAPicOfTheDayWalm";
			};
			name = Release;
		};
		E1B9EF6C2C7619B100122810 /* Debug */ = {
			isa = XCBuildConfiguration;
			buildSettings = {
				ALWAYS_EMBED_SWIFT_STANDARD_LIBRARIES = YES;
				CODE_SIGN_STYLE = Automatic;
				CURRENT_PROJECT_VERSION = 1;
				GENERATE_INFOPLIST_FILE = YES;
				MARKETING_VERSION = 1.0;
				PRODUCT_BUNDLE_IDENTIFIER = com.harish.NASAPicOfTheDayWalmUITests;
				PRODUCT_NAME = "$(TARGET_NAME)";
				SWIFT_EMIT_LOC_STRINGS = NO;
				SWIFT_VERSION = 5.0;
				TARGETED_DEVICE_FAMILY = "1,2";
				TEST_TARGET_NAME = NASAPicOfTheDayWalm;
			};
			name = Debug;
		};
		E1B9EF6D2C7619B100122810 /* Release */ = {
			isa = XCBuildConfiguration;
			buildSettings = {
				ALWAYS_EMBED_SWIFT_STANDARD_LIBRARIES = YES;
				CODE_SIGN_STYLE = Automatic;
				CURRENT_PROJECT_VERSION = 1;
				GENERATE_INFOPLIST_FILE = YES;
				MARKETING_VERSION = 1.0;
				PRODUCT_BUNDLE_IDENTIFIER = com.harish.NASAPicOfTheDayWalmUITests;
				PRODUCT_NAME = "$(TARGET_NAME)";
				SWIFT_EMIT_LOC_STRINGS = NO;
				SWIFT_VERSION = 5.0;
				TARGETED_DEVICE_FAMILY = "1,2";
				TEST_TARGET_NAME = NASAPicOfTheDayWalm;
			};
			name = Release;
		};
/* End XCBuildConfiguration section */

/* Begin XCConfigurationList section */
		E1B9EF372C7619AF00122810 /* Build configuration list for PBXProject "NASAPicOfTheDayWalm" */ = {
			isa = XCConfigurationList;
			buildConfigurations = (
				E1B9EF632C7619B100122810 /* Debug */,
				E1B9EF642C7619B100122810 /* Release */,
			);
			defaultConfigurationIsVisible = 0;
			defaultConfigurationName = Release;
		};
		E1B9EF652C7619B100122810 /* Build configuration list for PBXNativeTarget "NASAPicOfTheDayWalm" */ = {
			isa = XCConfigurationList;
			buildConfigurations = (
				E1B9EF662C7619B100122810 /* Debug */,
				E1B9EF672C7619B100122810 /* Release */,
			);
			defaultConfigurationIsVisible = 0;
			defaultConfigurationName = Release;
		};
		E1B9EF682C7619B100122810 /* Build configuration list for PBXNativeTarget "NASAPicOfTheDayWalmTests" */ = {
			isa = XCConfigurationList;
			buildConfigurations = (
				E1B9EF692C7619B100122810 /* Debug */,
				E1B9EF6A2C7619B100122810 /* Release */,
			);
			defaultConfigurationIsVisible = 0;
			defaultConfigurationName = Release;
		};
		E1B9EF6B2C7619B100122810 /* Build configuration list for PBXNativeTarget "NASAPicOfTheDayWalmUITests" */ = {
			isa = XCConfigurationList;
			buildConfigurations = (
				E1B9EF6C2C7619B100122810 /* Debug */,
				E1B9EF6D2C7619B100122810 /* Release */,
			);
			defaultConfigurationIsVisible = 0;
			defaultConfigurationName = Release;
		};
/* End XCConfigurationList section */

/* Begin XCVersionGroup section */
		E1B9EF4A2C7619B000122810 /* NASAPicOfTheDayWalm.xcdatamodeld */ = {
			isa = XCVersionGroup;
			children = (
				E1B9EF4B2C7619B000122810 /* NASAPicOfTheDayWalm.xcdatamodel */,
			);
			currentVersion = E1B9EF4B2C7619B000122810 /* NASAPicOfTheDayWalm.xcdatamodel */;
			path = NASAPicOfTheDayWalm.xcdatamodeld;
			sourceTree = "<group>";
			versionGroupType = wrapper.xcdatamodel;
		};
/* End XCVersionGroup section */
	};
	rootObject = E1B9EF342C7619AF00122810 /* Project object */;
}
